
Microsoft Visual Studio Solution File, Format Version 12.00
# Visual Studio Version 16
VisualStudioVersion = 16.0.28803.202
MinimumVisualStudioVersion = 10.0.40219.1
Project("{9A19103F-16F7-4668-BE54-9A1E7A4F7556}") = "ListGigsAWS", "ListGigsAWS\ListGigsAWS.csproj", "{928E9220-1FE9-486C-999E-01D4EDF4CB0B}"
EndProject
Project("{9A19103F-16F7-4668-BE54-9A1E7A4F7556}") = "ListGigsAWS.Tests", "ListGigsAWS.Tests\ListGigsAWS.Tests.csproj", "{80F6CBD1-2B34-41A5-A930-E5E07BC49B5B}"
EndProject
Project("{9A19103F-16F7-4668-BE54-9A1E7A4F7556}") = "CreateGigsAWS", "CreateGigsAWS\CreateGigsAWS.csproj", "{8886B015-493B-4C61-8533-095745542C20}"
EndProject
Project("{9A19103F-16F7-4668-BE54-9A1E7A4F7556}") = "CreateGigsAWS.Tests", "CreateGigsAWS.Tests\CreateGigsAWS.Tests.csproj", "{D51CD667-50E8-48A7-A715-FE1A6F9B574B}"
EndProject
Project("{9A19103F-16F7-4668-BE54-9A1E7A4F7556}") = "Noisera.Domain", "Noisera.Domain\Noisera.Domain.csproj", "{0E21D170-3F62-4EA6-A249-B5A5B04ABE1C}"
EndProject
Project("{9A19103F-16F7-4668-BE54-9A1E7A4F7556}") = "Noisera.Core", "Noisera.Core\Noisera.Core.csproj", "{A6A4F407-68C9-4EB8-9F31-FC8BEE6D2338}"
EndProject
Project("{2150E333-8FDC-42A3-9474-1A3956D46DE8}") = "LambdaFunctionsTests", "LambdaFunctionsTests", "{A6627322-3B77-4693-9E84-71818D4FE30B}"
EndProject
Project("{2150E333-8FDC-42A3-9474-1A3956D46DE8}") = "LambdaFunctions", "LambdaFunctions", "{8CEC1092-9390-48F9-9F17-6DD15D9DD72B}"
EndProject
Project("{9A19103F-16F7-4668-BE54-9A1E7A4F7556}") = "CreateBandsAWS", "CreateBandAWS\CreateBandsAWS.csproj", "{CC341E54-F5BE-4340-8481-A4DE01E83095}"
EndProject
Project("{9A19103F-16F7-4668-BE54-9A1E7A4F7556}") = "CreateBandAWS.Tests", "CreateBandAWS.Tests\CreateBandAWS.Tests.csproj", "{AD94CEB8-2A27-48F4-A945-8184E5B9CC09}"
EndProject
Project("{9A19103F-16F7-4668-BE54-9A1E7A4F7556}") = "ListBandsAWS", "ListBandsAWS\ListBandsAWS.csproj", "{586C98A1-5EED-47D5-BAD0-C7DDC276C9C2}"
EndProject
Project("{9A19103F-16F7-4668-BE54-9A1E7A4F7556}") = "ListBandsAWS.Tests", "ListBandsAWS.Tests\ListBandsAWS.Tests.csproj", "{0DD6D200-356D-41EC-B8D2-3E94ED2D0D08}"
EndProject
Project("{9A19103F-16F7-4668-BE54-9A1E7A4F7556}") = "Noisera.Infrastructure", "Noisera.Infrastructure\Noisera.Infrastructure.csproj", "{E05FFD02-FC9D-4805-AFE5-919CC8D8FA24}"
EndProject
Global
	GlobalSection(SolutionConfigurationPlatforms) = preSolution
		Debug|Any CPU = Debug|Any CPU
		Release|Any CPU = Release|Any CPU
	EndGlobalSection
	GlobalSection(ProjectConfigurationPlatforms) = postSolution
		{928E9220-1FE9-486C-999E-01D4EDF4CB0B}.Debug|Any CPU.ActiveCfg = Debug|Any CPU
		{928E9220-1FE9-486C-999E-01D4EDF4CB0B}.Debug|Any CPU.Build.0 = Debug|Any CPU
		{928E9220-1FE9-486C-999E-01D4EDF4CB0B}.Release|Any CPU.ActiveCfg = Release|Any CPU
		{928E9220-1FE9-486C-999E-01D4EDF4CB0B}.Release|Any CPU.Build.0 = Release|Any CPU
		{80F6CBD1-2B34-41A5-A930-E5E07BC49B5B}.Debug|Any CPU.ActiveCfg = Debug|Any CPU
		{80F6CBD1-2B34-41A5-A930-E5E07BC49B5B}.Debug|Any CPU.Build.0 = Debug|Any CPU
		{80F6CBD1-2B34-41A5-A930-E5E07BC49B5B}.Release|Any CPU.ActiveCfg = Release|Any CPU
		{80F6CBD1-2B34-41A5-A930-E5E07BC49B5B}.Release|Any CPU.Build.0 = Release|Any CPU
		{8886B015-493B-4C61-8533-095745542C20}.Debug|Any CPU.ActiveCfg = Debug|Any CPU
		{8886B015-493B-4C61-8533-095745542C20}.Debug|Any CPU.Build.0 = Debug|Any CPU
		{8886B015-493B-4C61-8533-095745542C20}.Release|Any CPU.ActiveCfg = Release|Any CPU
		{8886B015-493B-4C61-8533-095745542C20}.Release|Any CPU.Build.0 = Release|Any CPU
		{D51CD667-50E8-48A7-A715-FE1A6F9B574B}.Debug|Any CPU.ActiveCfg = Debug|Any CPU
		{D51CD667-50E8-48A7-A715-FE1A6F9B574B}.Debug|Any CPU.Build.0 = Debug|Any CPU
		{D51CD667-50E8-48A7-A715-FE1A6F9B574B}.Release|Any CPU.ActiveCfg = Release|Any CPU
		{D51CD667-50E8-48A7-A715-FE1A6F9B574B}.Release|Any CPU.Build.0 = Release|Any CPU
		{0E21D170-3F62-4EA6-A249-B5A5B04ABE1C}.Debug|Any CPU.ActiveCfg = Debug|Any CPU
		{0E21D170-3F62-4EA6-A249-B5A5B04ABE1C}.Debug|Any CPU.Build.0 = Debug|Any CPU
		{0E21D170-3F62-4EA6-A249-B5A5B04ABE1C}.Release|Any CPU.ActiveCfg = Release|Any CPU
		{0E21D170-3F62-4EA6-A249-B5A5B04ABE1C}.Release|Any CPU.Build.0 = Release|Any CPU
		{A6A4F407-68C9-4EB8-9F31-FC8BEE6D2338}.Debug|Any CPU.ActiveCfg = Debug|Any CPU
		{A6A4F407-68C9-4EB8-9F31-FC8BEE6D2338}.Debug|Any CPU.Build.0 = Debug|Any CPU
		{A6A4F407-68C9-4EB8-9F31-FC8BEE6D2338}.Release|Any CPU.ActiveCfg = Release|Any CPU
		{A6A4F407-68C9-4EB8-9F31-FC8BEE6D2338}.Release|Any CPU.Build.0 = Release|Any CPU
		{CC341E54-F5BE-4340-8481-A4DE01E83095}.Debug|Any CPU.ActiveCfg = Debug|Any CPU
		{CC341E54-F5BE-4340-8481-A4DE01E83095}.Debug|Any CPU.Build.0 = Debug|Any CPU
		{CC341E54-F5BE-4340-8481-A4DE01E83095}.Release|Any CPU.ActiveCfg = Release|Any CPU
		{CC341E54-F5BE-4340-8481-A4DE01E83095}.Release|Any CPU.Build.0 = Release|Any CPU
		{AD94CEB8-2A27-48F4-A945-8184E5B9CC09}.Debug|Any CPU.ActiveCfg = Debug|Any CPU
		{AD94CEB8-2A27-48F4-A945-8184E5B9CC09}.Debug|Any CPU.Build.0 = Debug|Any CPU
		{AD94CEB8-2A27-48F4-A945-8184E5B9CC09}.Release|Any CPU.ActiveCfg = Release|Any CPU
		{AD94CEB8-2A27-48F4-A945-8184E5B9CC09}.Release|Any CPU.Build.0 = Release|Any CPU
		{586C98A1-5EED-47D5-BAD0-C7DDC276C9C2}.Debug|Any CPU.ActiveCfg = Debug|Any CPU
		{586C98A1-5EED-47D5-BAD0-C7DDC276C9C2}.Debug|Any CPU.Build.0 = Debug|Any CPU
		{586C98A1-5EED-47D5-BAD0-C7DDC276C9C2}.Release|Any CPU.ActiveCfg = Release|Any CPU
		{586C98A1-5EED-47D5-BAD0-C7DDC276C9C2}.Release|Any CPU.Build.0 = Release|Any CPU
		{0DD6D200-356D-41EC-B8D2-3E94ED2D0D08}.Debug|Any CPU.ActiveCfg = Debug|Any CPU
		{0DD6D200-356D-41EC-B8D2-3E94ED2D0D08}.Debug|Any CPU.Build.0 = Debug|Any CPU
		{0DD6D200-356D-41EC-B8D2-3E94ED2D0D08}.Release|Any CPU.ActiveCfg = Release|Any CPU
		{0DD6D200-356D-41EC-B8D2-3E94ED2D0D08}.Release|Any CPU.Build.0 = Release|Any CPU
		{E05FFD02-FC9D-4805-AFE5-919CC8D8FA24}.Debug|Any CPU.ActiveCfg = Debug|Any CPU
		{E05FFD02-FC9D-4805-AFE5-919CC8D8FA24}.Debug|Any CPU.Build.0 = Debug|Any CPU
		{E05FFD02-FC9D-4805-AFE5-919CC8D8FA24}.Release|Any CPU.ActiveCfg = Release|Any CPU
		{E05FFD02-FC9D-4805-AFE5-919CC8D8FA24}.Release|Any CPU.Build.0 = Release|Any CPU
	EndGlobalSection
	GlobalSection(SolutionProperties) = preSolution
		HideSolutionNode = FALSE
	EndGlobalSection
	GlobalSection(NestedProjects) = preSolution
		{928E9220-1FE9-486C-999E-01D4EDF4CB0B} = {8CEC1092-9390-48F9-9F17-6DD15D9DD72B}
		{80F6CBD1-2B34-41A5-A930-E5E07BC49B5B} = {A6627322-3B77-4693-9E84-71818D4FE30B}
		{8886B015-493B-4C61-8533-095745542C20} = {8CEC1092-9390-48F9-9F17-6DD15D9DD72B}
		{D51CD667-50E8-48A7-A715-FE1A6F9B574B} = {A6627322-3B77-4693-9E84-71818D4FE30B}
		{CC341E54-F5BE-4340-8481-A4DE01E83095} = {8CEC1092-9390-48F9-9F17-6DD15D9DD72B}
		{AD94CEB8-2A27-48F4-A945-8184E5B9CC09} = {A6627322-3B77-4693-9E84-71818D4FE30B}
		{586C98A1-5EED-47D5-BAD0-C7DDC276C9C2} = {8CEC1092-9390-48F9-9F17-6DD15D9DD72B}
		{0DD6D200-356D-41EC-B8D2-3E94ED2D0D08} = {A6627322-3B77-4693-9E84-71818D4FE30B}
	EndGlobalSection
	GlobalSection(ExtensibilityGlobals) = postSolution
		SolutionGuid = {4B697E70-AF3C-4290-BF45-FA804B7CFFBC}
	EndGlobalSection
EndGlobal
